// !$*UTF8*$!
{
	archiveVersion = 1;
	classes = {
	};
	objectVersion = 56;
	objects = {

/* Begin PBXBuildFile section */
		D87AB7102AFFB53D00AF0010 /* samfreeApp.swift in Sources */ = {isa = PBXBuildFile; fileRef = D87AB70F2AFFB53D00AF0010 /* samfreeApp.swift */; };
		D87AB7122AFFB53D00AF0010 /* ContentView.swift in Sources */ = {isa = PBXBuildFile; fileRef = D87AB7112AFFB53D00AF0010 /* ContentView.swift */; };
		D87AB7142AFFB53F00AF0010 /* Assets.xcassets in Resources */ = {isa = PBXBuildFile; fileRef = D87AB7132AFFB53F00AF0010 /* Assets.xcassets */; };
		D87AB7172AFFB53F00AF0010 /* Preview Assets.xcassets in Resources */ = {isa = PBXBuildFile; fileRef = D87AB7162AFFB53F00AF0010 /* Preview Assets.xcassets */; };
		D87AB7212AFFB53F00AF0010 /* samfreeTests.swift in Sources */ = {isa = PBXBuildFile; fileRef = D87AB7202AFFB53F00AF0010 /* samfreeTests.swift */; };
		D87AB72B2AFFB53F00AF0010 /* samfreeUITests.swift in Sources */ = {isa = PBXBuildFile; fileRef = D87AB72A2AFFB53F00AF0010 /* samfreeUITests.swift */; };
		D87AB72D2AFFB53F00AF0010 /* samfreeUITestsLaunchTests.swift in Sources */ = {isa = PBXBuildFile; fileRef = D87AB72C2AFFB53F00AF0010 /* samfreeUITestsLaunchTests.swift */; };
/* End PBXBuildFile section */

/* Begin PBXContainerItemProxy section */
		D87AB71D2AFFB53F00AF0010 /* PBXContainerItemProxy */ = {
			isa = PBXContainerItemProxy;
			containerPortal = D87AB7042AFFB53D00AF0010 /* Project object */;
			proxyType = 1;
			remoteGlobalIDString = D87AB70B2AFFB53D00AF0010;
			remoteInfo = samfree;
		};
		D87AB7272AFFB53F00AF0010 /* PBXContainerItemProxy */ = {
			isa = PBXContainerItemProxy;
			containerPortal = D87AB7042AFFB53D00AF0010 /* Project object */;
			proxyType = 1;
			remoteGlobalIDString = D87AB70B2AFFB53D00AF0010;
			remoteInfo = samfree;
		};
/* End PBXContainerItemProxy section */

/* Begin PBXFileReference section */
		D87AB70C2AFFB53D00AF0010 /* samfree.app */ = {isa = PBXFileReference; explicitFileType = wrapper.application; includeInIndex = 0; path = samfree.app; sourceTree = BUILT_PRODUCTS_DIR; };
		D87AB70F2AFFB53D00AF0010 /* samfreeApp.swift */ = {isa = PBXFileReference; lastKnownFileType = sourcecode.swift; path = samfreeApp.swift; sourceTree = "<group>"; };
		D87AB7112AFFB53D00AF0010 /* ContentView.swift */ = {isa = PBXFileReference; lastKnownFileType = sourcecode.swift; path = ContentView.swift; sourceTree = "<group>"; };
		D87AB7132AFFB53F00AF0010 /* Assets.xcassets */ = {isa = PBXFileReference; lastKnownFileType = folder.assetcatalog; path = Assets.xcassets; sourceTree = "<group>"; };
		D87AB7162AFFB53F00AF0010 /* Preview Assets.xcassets */ = {isa = PBXFileReference; lastKnownFileType = folder.assetcatalog; path = "Preview Assets.xcassets"; sourceTree = "<group>"; };
		D87AB71C2AFFB53F00AF0010 /* samfreeTests.xctest */ = {isa = PBXFileReference; explicitFileType = wrapper.cfbundle; includeInIndex = 0; path = samfreeTests.xctest; sourceTree = BUILT_PRODUCTS_DIR; };
		D87AB7202AFFB53F00AF0010 /* samfreeTests.swift */ = {isa = PBXFileReference; lastKnownFileType = sourcecode.swift; path = samfreeTests.swift; sourceTree = "<group>"; };
		D87AB7262AFFB53F00AF0010 /* samfreeUITests.xctest */ = {isa = PBXFileReference; explicitFileType = wrapper.cfbundle; includeInIndex = 0; path = samfreeUITests.xctest; sourceTree = BUILT_PRODUCTS_DIR; };
		D87AB72A2AFFB53F00AF0010 /* samfreeUITests.swift */ = {isa = PBXFileReference; lastKnownFileType = sourcecode.swift; path = samfreeUITests.swift; sourceTree = "<group>"; };
		D87AB72C2AFFB53F00AF0010 /* samfreeUITestsLaunchTests.swift */ = {isa = PBXFileReference; lastKnownFileType = sourcecode.swift; path = samfreeUITestsLaunchTests.swift; sourceTree = "<group>"; };
/* End PBXFileReference section */

/* Begin PBXFrameworksBuildPhase section */
		D87AB7092AFFB53D00AF0010 /* Frameworks */ = {
			isa = PBXFrameworksBuildPhase;
			buildActionMask = 2147483647;
			files = (
			);
			runOnlyForDeploymentPostprocessing = 0;
		};
		D87AB7192AFFB53F00AF0010 /* Frameworks */ = {
			isa = PBXFrameworksBuildPhase;
			buildActionMask = 2147483647;
			files = (
			);
			runOnlyForDeploymentPostprocessing = 0;
		};
		D87AB7232AFFB53F00AF0010 /* Frameworks */ = {
			isa = PBXFrameworksBuildPhase;
			buildActionMask = 2147483647;
			files = (
			);
			runOnlyForDeploymentPostprocessing = 0;
		};
/* End PBXFrameworksBuildPhase section */

/* Begin PBXGroup section */
		D87AB7032AFFB53D00AF0010 = {
			isa = PBXGroup;
			children = (
				D87AB70E2AFFB53D00AF0010 /* samfree */,
				D87AB71F2AFFB53F00AF0010 /* samfreeTests */,
				D87AB7292AFFB53F00AF0010 /* samfreeUITests */,
				D87AB70D2AFFB53D00AF0010 /* Products */,
			);
			sourceTree = "<group>";
		};
		D87AB70D2AFFB53D00AF0010 /* Products */ = {
			isa = PBXGroup;
			children = (
				D87AB70C2AFFB53D00AF0010 /* samfree.app */,
				D87AB71C2AFFB53F00AF0010 /* samfreeTests.xctest */,
				D87AB7262AFFB53F00AF0010 /* samfreeUITests.xctest */,
			);
			name = Products;
			sourceTree = "<group>";
		};
		D87AB70E2AFFB53D00AF0010 /* samfree */ = {
			isa = PBXGroup;
			children = (
				D87AB70F2AFFB53D00AF0010 /* samfreeApp.swift */,
				D87AB7112AFFB53D00AF0010 /* ContentView.swift */,
				D87AB7132AFFB53F00AF0010 /* Assets.xcassets */,
				D87AB7152AFFB53F00AF0010 /* Preview Content */,
			);
			path = samfree;
			sourceTree = "<group>";
		};
		D87AB7152AFFB53F00AF0010 /* Preview Content */ = {
			isa = PBXGroup;
			children = (
				D87AB7162AFFB53F00AF0010 /* Preview Assets.xcassets */,
			);
			path = "Preview Content";
			sourceTree = "<group>";
		};
		D87AB71F2AFFB53F00AF0010 /* samfreeTests */ = {
			isa = PBXGroup;
			children = (
				D87AB7202AFFB53F00AF0010 /* samfreeTests.swift */,
			);
			path = samfreeTests;
			sourceTree = "<group>";
		};
		D87AB7292AFFB53F00AF0010 /* samfreeUITests */ = {
			isa = PBXGroup;
			children = (
				D87AB72A2AFFB53F00AF0010 /* samfreeUITests.swift */,
				D87AB72C2AFFB53F00AF0010 /* samfreeUITestsLaunchTests.swift */,
			);
			path = samfreeUITests;
			sourceTree = "<group>";
		};
/* End PBXGroup section */

/* Begin PBXNativeTarget section */
		D87AB70B2AFFB53D00AF0010 /* samfree */ = {
			isa = PBXNativeTarget;
			buildConfigurationList = D87AB7302AFFB53F00AF0010 /* Build configuration list for PBXNativeTarget "samfree" */;
			buildPhases = (
				D87AB7082AFFB53D00AF0010 /* Sources */,
				D87AB7092AFFB53D00AF0010 /* Frameworks */,
				D87AB70A2AFFB53D00AF0010 /* Resources */,
			);
			buildRules = (
			);
			dependencies = (
			);
			name = samfree;
			productName = samfree;
			productReference = D87AB70C2AFFB53D00AF0010 /* samfree.app */;
			productType = "com.apple.product-type.application";
		};
		D87AB71B2AFFB53F00AF0010 /* samfreeTests */ = {
			isa = PBXNativeTarget;
			buildConfigurationList = D87AB7332AFFB53F00AF0010 /* Build configuration list for PBXNativeTarget "samfreeTests" */;
			buildPhases = (
				D87AB7182AFFB53F00AF0010 /* Sources */,
				D87AB7192AFFB53F00AF0010 /* Frameworks */,
				D87AB71A2AFFB53F00AF0010 /* Resources */,
			);
			buildRules = (
			);
			dependencies = (
				D87AB71E2AFFB53F00AF0010 /* PBXTargetDependency */,
			);
			name = samfreeTests;
			productName = samfreeTests;
			productReference = D87AB71C2AFFB53F00AF0010 /* samfreeTests.xctest */;
			productType = "com.apple.product-type.bundle.unit-test";
		};
		D87AB7252AFFB53F00AF0010 /* samfreeUITests */ = {
			isa = PBXNativeTarget;
			buildConfigurationList = D87AB7362AFFB53F00AF0010 /* Build configuration list for PBXNativeTarget "samfreeUITests" */;
			buildPhases = (
				D87AB7222AFFB53F00AF0010 /* Sources */,
				D87AB7232AFFB53F00AF0010 /* Frameworks */,
				D87AB7242AFFB53F00AF0010 /* Resources */,
			);
			buildRules = (
			);
			dependencies = (
				D87AB7282AFFB53F00AF0010 /* PBXTargetDependency */,
			);
			name = samfreeUITests;
			productName = samfreeUITests;
			productReference = D87AB7262AFFB53F00AF0010 /* samfreeUITests.xctest */;
			productType = "com.apple.product-type.bundle.ui-testing";
		};
/* End PBXNativeTarget section */

/* Begin PBXProject section */
		D87AB7042AFFB53D00AF0010 /* Project object */ = {
			isa = PBXProject;
			attributes = {
				BuildIndependentTargetsInParallel = 1;
				LastSwiftUpdateCheck = 1500;
				LastUpgradeCheck = 1500;
				TargetAttributes = {
					D87AB70B2AFFB53D00AF0010 = {
						CreatedOnToolsVersion = 15.0.1;
					};
					D87AB71B2AFFB53F00AF0010 = {
						CreatedOnToolsVersion = 15.0.1;
						TestTargetID = D87AB70B2AFFB53D00AF0010;
					};
					D87AB7252AFFB53F00AF0010 = {
						CreatedOnToolsVersion = 15.0.1;
						TestTargetID = D87AB70B2AFFB53D00AF0010;
					};
				};
			};
			buildConfigurationList = D87AB7072AFFB53D00AF0010 /* Build configuration list for PBXProject "samfree" */;
			compatibilityVersion = "Xcode 14.0";
			developmentRegion = en;
			hasScannedForEncodings = 0;
			knownRegions = (
				en,
				Base,
			);
			mainGroup = D87AB7032AFFB53D00AF0010;
			productRefGroup = D87AB70D2AFFB53D00AF0010 /* Products */;
			projectDirPath = "";
			projectRoot = "";
			targets = (
				D87AB70B2AFFB53D00AF0010 /* samfree */,
				D87AB71B2AFFB53F00AF0010 /* samfreeTests */,
				D87AB7252AFFB53F00AF0010 /* samfreeUITests */,
			);
		};
/* End PBXProject section */

/* Begin PBXResourcesBuildPhase section */
		D87AB70A2AFFB53D00AF0010 /* Resources */ = {
			isa = PBXResourcesBuildPhase;
			buildActionMask = 2147483647;
			files = (
				D87AB7172AFFB53F00AF0010 /* Preview Assets.xcassets in Resources */,
				D87AB7142AFFB53F00AF0010 /* Assets.xcassets in Resources */,
			);
			runOnlyForDeploymentPostprocessing = 0;
		};
		D87AB71A2AFFB53F00AF0010 /* Resources */ = {
			isa = PBXResourcesBuildPhase;
			buildActionMask = 2147483647;
			files = (
			);
			runOnlyForDeploymentPostprocessing = 0;
		};
		D87AB7242AFFB53F00AF0010 /* Resources */ = {
			isa = PBXResourcesBuildPhase;
			buildActionMask = 2147483647;
			files = (
			);
			runOnlyForDeploymentPostprocessing = 0;
		};
/* End PBXResourcesBuildPhase section */

/* Begin PBXSourcesBuildPhase section */
		D87AB7082AFFB53D00AF0010 /* Sources */ = {
			isa = PBXSourcesBuildPhase;
			buildActionMask = 2147483647;
			files = (
				D87AB7122AFFB53D00AF0010 /* ContentView.swift in Sources */,
				D87AB7102AFFB53D00AF0010 /* samfreeApp.swift in Sources */,
			);
			runOnlyForDeploymentPostprocessing = 0;
		};
		D87AB7182AFFB53F00AF0010 /* Sources */ = {
			isa = PBXSourcesBuildPhase;
			buildActionMask = 2147483647;
			files = (
				D87AB7212AFFB53F00AF0010 /* samfreeTests.swift in Sources */,
			);
			runOnlyForDeploymentPostprocessing = 0;
		};
		D87AB7222AFFB53F00AF0010 /* Sources */ = {
			isa = PBXSourcesBuildPhase;
			buildActionMask = 2147483647;
			files = (
				D87AB72D2AFFB53F00AF0010 /* samfreeUITestsLaunchTests.swift in Sources */,
				D87AB72B2AFFB53F00AF0010 /* samfreeUITests.swift in Sources */,
			);
			runOnlyForDeploymentPostprocessing = 0;
		};
/* End PBXSourcesBuildPhase section */

/* Begin PBXTargetDependency section */
		D87AB71E2AFFB53F00AF0010 /* PBXTargetDependency */ = {
			isa = PBXTargetDependency;
			target = D87AB70B2AFFB53D00AF0010 /* samfree */;
			targetProxy = D87AB71D2AFFB53F00AF0010 /* PBXContainerItemProxy */;
		};
		D87AB7282AFFB53F00AF0010 /* PBXTargetDependency */ = {
			isa = PBXTargetDependency;
			target = D87AB70B2AFFB53D00AF0010 /* samfree */;
			targetProxy = D87AB7272AFFB53F00AF0010 /* PBXContainerItemProxy */;
		};
/* End PBXTargetDependency section */

/* Begin XCBuildConfiguration section */
		D87AB72E2AFFB53F00AF0010 /* Debug */ = {
			isa = XCBuildConfiguration;
			buildSettings = {
				ALWAYS_SEARCH_USER_PATHS = NO;
				ASSETCATALOG_COMPILER_GENERATE_SWIFT_ASSET_SYMBOL_EXTENSIONS = YES;
				CLANG_ANALYZER_NONNULL = YES;
				CLANG_ANALYZER_NUMBER_OBJECT_CONVERSION = YES_AGGRESSIVE;
				CLANG_CXX_LANGUAGE_STANDARD = "gnu++20";
				CLANG_ENABLE_MODULES = YES;
				CLANG_ENABLE_OBJC_ARC = YES;
				CLANG_ENABLE_OBJC_WEAK = YES;
				CLANG_WARN_BLOCK_CAPTURE_AUTORELEASING = YES;
				CLANG_WARN_BOOL_CONVERSION = YES;
				CLANG_WARN_COMMA = YES;
				CLANG_WARN_CONSTANT_CONVERSION = YES;
				CLANG_WARN_DEPRECATED_OBJC_IMPLEMENTATIONS = YES;
				CLANG_WARN_DIRECT_OBJC_ISA_USAGE = YES_ERROR;
				CLANG_WARN_DOCUMENTATION_COMMENTS = YES;
				CLANG_WARN_EMPTY_BODY = YES;
				CLANG_WARN_ENUM_CONVERSION = YES;
				CLANG_WARN_INFINITE_RECURSION = YES;
				CLANG_WARN_INT_CONVERSION = YES;
				CLANG_WARN_NON_LITERAL_NULL_CONVERSION = YES;
				CLANG_WARN_OBJC_IMPLICIT_RETAIN_SELF = YES;
				CLANG_WARN_OBJC_LITERAL_CONVERSION = YES;
				CLANG_WARN_OBJC_ROOT_CLASS = YES_ERROR;
				CLANG_WARN_QUOTED_INCLUDE_IN_FRAMEWORK_HEADER = YES;
				CLANG_WARN_RANGE_LOOP_ANALYSIS = YES;
				CLANG_WARN_STRICT_PROTOTYPES = YES;
				CLANG_WARN_SUSPICIOUS_MOVE = YES;
				CLANG_WARN_UNGUARDED_AVAILABILITY = YES_AGGRESSIVE;
				CLANG_WARN_UNREACHABLE_CODE = YES;
				CLANG_WARN__DUPLICATE_METHOD_MATCH = YES;
				COPY_PHASE_STRIP = NO;
				DEBUG_INFORMATION_FORMAT = dwarf;
				ENABLE_STRICT_OBJC_MSGSEND = YES;
				ENABLE_TESTABILITY = YES;
				ENABLE_USER_SCRIPT_SANDBOXING = YES;
				GCC_C_LANGUAGE_STANDARD = gnu17;
				GCC_DYNAMIC_NO_PIC = NO;
				GCC_NO_COMMON_BLOCKS = YES;
				GCC_OPTIMIZATION_LEVEL = 0;
				GCC_PREPROCESSOR_DEFINITIONS = (
					"DEBUG=1",
					"$(inherited)",
				);
				GCC_WARN_64_TO_32_BIT_CONVERSION = YES;
				GCC_WARN_ABOUT_RETURN_TYPE = YES_ERROR;
				GCC_WARN_UNDECLARED_SELECTOR = YES;
				GCC_WARN_UNINITIALIZED_AUTOS = YES_AGGRESSIVE;
				GCC_WARN_UNUSED_FUNCTION = YES;
				GCC_WARN_UNUSED_VARIABLE = YES;
				IPHONEOS_DEPLOYMENT_TARGET = 17.0;
				LOCALIZATION_PREFERS_STRING_CATALOGS = YES;
				MTL_ENABLE_DEBUG_INFO = INCLUDE_SOURCE;
				MTL_FAST_MATH = YES;
				ONLY_ACTIVE_ARCH = YES;
				SDKROOT = iphoneos;
				SWIFT_ACTIVE_COMPILATION_CONDITIONS = "DEBUG $(inherited)";
				SWIFT_OPTIMIZATION_LEVEL = "-Onone";
			};
			name = Debug;
		};
		D87AB72F2AFFB53F00AF0010 /* Release */ = {
			isa = XCBuildConfiguration;
			buildSettings = {
				ALWAYS_SEARCH_USER_PATHS = NO;
				ASSETCATALOG_COMPILER_GENERATE_SWIFT_ASSET_SYMBOL_EXTENSIONS = YES;
				CLANG_ANALYZER_NONNULL = YES;
				CLANG_ANALYZER_NUMBER_OBJECT_CONVERSION = YES_AGGRESSIVE;
				CLANG_CXX_LANGUAGE_STANDARD = "gnu++20";
				CLANG_ENABLE_MODULES = YES;
				CLANG_ENABLE_OBJC_ARC = YES;
				CLANG_ENABLE_OBJC_WEAK = YES;
				CLANG_WARN_BLOCK_CAPTURE_AUTORELEASING = YES;
				CLANG_WARN_BOOL_CONVERSION = YES;
				CLANG_WARN_COMMA = YES;
				CLANG_WARN_CONSTANT_CONVERSION = YES;
				CLANG_WARN_DEPRECATED_OBJC_IMPLEMENTATIONS = YES;
				CLANG_WARN_DIRECT_OBJC_ISA_USAGE = YES_ERROR;
				CLANG_WARN_DOCUMENTATION_COMMENTS = YES;
				CLANG_WARN_EMPTY_BODY = YES;
				CLANG_WARN_ENUM_CONVERSION = YES;
				CLANG_WARN_INFINITE_RECURSION = YES;
				CLANG_WARN_INT_CONVERSION = YES;
				CLANG_WARN_NON_LITERAL_NULL_CONVERSION = YES;
				CLANG_WARN_OBJC_IMPLICIT_RETAIN_SELF = YES;
				CLANG_WARN_OBJC_LITERAL_CONVERSION = YES;
				CLANG_WARN_OBJC_ROOT_CLASS = YES_ERROR;
				CLANG_WARN_QUOTED_INCLUDE_IN_FRAMEWORK_HEADER = YES;
				CLANG_WARN_RANGE_LOOP_ANALYSIS = YES;
				CLANG_WARN_STRICT_PROTOTYPES = YES;
				CLANG_WARN_SUSPICIOUS_MOVE = YES;
				CLANG_WARN_UNGUARDED_AVAILABILITY = YES_AGGRESSIVE;
				CLANG_WARN_UNREACHABLE_CODE = YES;
				CLANG_WARN__DUPLICATE_METHOD_MATCH = YES;
				COPY_PHASE_STRIP = NO;
				DEBUG_INFORMATION_FORMAT = "dwarf-with-dsym";
				ENABLE_NS_ASSERTIONS = NO;
				ENABLE_STRICT_OBJC_MSGSEND = YES;
				ENABLE_USER_SCRIPT_SANDBOXING = YES;
				GCC_C_LANGUAGE_STANDARD = gnu17;
				GCC_NO_COMMON_BLOCKS = YES;
				GCC_WARN_64_TO_32_BIT_CONVERSION = YES;
				GCC_WARN_ABOUT_RETURN_TYPE = YES_ERROR;
				GCC_WARN_UNDECLARED_SELECTOR = YES;
				GCC_WARN_UNINITIALIZED_AUTOS = YES_AGGRESSIVE;
				GCC_WARN_UNUSED_FUNCTION = YES;
				GCC_WARN_UNUSED_VARIABLE = YES;
				IPHONEOS_DEPLOYMENT_TARGET = 17.0;
				LOCALIZATION_PREFERS_STRING_CATALOGS = YES;
				MTL_ENABLE_DEBUG_INFO = NO;
				MTL_FAST_MATH = YES;
				SDKROOT = iphoneos;
				SWIFT_COMPILATION_MODE = wholemodule;
				VALIDATE_PRODUCT = YES;
			};
			name = Release;
		};
		D87AB7312AFFB53F00AF0010 /* Debug */ = {
			isa = XCBuildConfiguration;
			buildSettings = {
				ASSETCATALOG_COMPILER_APPICON_NAME = AppIcon;
				ASSETCATALOG_COMPILER_GLOBAL_ACCENT_COLOR_NAME = AccentColor;
				CODE_SIGN_STYLE = Automatic;
				CURRENT_PROJECT_VERSION = 1;
				DEVELOPMENT_ASSET_PATHS = "\"samfree/Preview Content\"";
				DEVELOPMENT_TEAM = C6AT6QYYG8;
				ENABLE_PREVIEWS = YES;
				GENERATE_INFOPLIST_FILE = YES;
				INFOPLIST_KEY_UIApplicationSceneManifest_Generation = YES;
				INFOPLIST_KEY_UIApplicationSupportsIndirectInputEvents = YES;
				INFOPLIST_KEY_UILaunchScreen_Generation = YES;
				INFOPLIST_KEY_UISupportedInterfaceOrientations_iPad = "UIInterfaceOrientationPortrait UIInterfaceOrientationPortraitUpsideDown UIInterfaceOrientationLandscapeLeft UIInterfaceOrientationLandscapeRight";
				INFOPLIST_KEY_UISupportedInterfaceOrientations_iPhone = "UIInterfaceOrientationPortrait UIInterfaceOrientationLandscapeLeft UIInterfaceOrientationLandscapeRight";
				LD_RUNPATH_SEARCH_PATHS = (
					"$(inherited)",
					"@executable_path/Frameworks",
				);
				MARKETING_VERSION = 1.0;
				PRODUCT_BUNDLE_IDENTIFIER = be.rvesolutions.samfree;
				PRODUCT_NAME = "$(TARGET_NAME)";
				SWIFT_EMIT_LOC_STRINGS = YES;
				SWIFT_VERSION = 5.0;
				TARGETED_DEVICE_FAMILY = "1,2";
			};
			name = Debug;
		};
		D87AB7322AFFB53F00AF0010 /* Release */ = {
			isa = XCBuildConfiguration;
			buildSettings = {
				ASSETCATALOG_COMPILER_APPICON_NAME = AppIcon;
				ASSETCATALOG_COMPILER_GLOBAL_ACCENT_COLOR_NAME = AccentColor;
				CODE_SIGN_STYLE = Automatic;
				CURRENT_PROJECT_VERSION = 1;
				DEVELOPMENT_ASSET_PATHS = "\"samfree/Preview Content\"";
				DEVELOPMENT_TEAM = C6AT6QYYG8;
				ENABLE_PREVIEWS = YES;
				GENERATE_INFOPLIST_FILE = YES;
				INFOPLIST_KEY_UIApplicationSceneManifest_Generation = YES;
				INFOPLIST_KEY_UIApplicationSupportsIndirectInputEvents = YES;
				INFOPLIST_KEY_UILaunchScreen_Generation = YES;
				INFOPLIST_KEY_UISupportedInterfaceOrientations_iPad = "UIInterfaceOrientationPortrait UIInterfaceOrientationPortraitUpsideDown UIInterfaceOrientationLandscapeLeft UIInterfaceOrientationLandscapeRight";
				INFOPLIST_KEY_UISupportedInterfaceOrientations_iPhone = "UIInterfaceOrientationPortrait UIInterfaceOrientationLandscapeLeft UIInterfaceOrientationLandscapeRight";
				LD_RUNPATH_SEARCH_PATHS = (
					"$(inherited)",
					"@executable_path/Frameworks",
				);
				MARKETING_VERSION = 1.0;
				PRODUCT_BUNDLE_IDENTIFIER = be.rvesolutions.samfree;
				PRODUCT_NAME = "$(TARGET_NAME)";
				SWIFT_EMIT_LOC_STRINGS = YES;
				SWIFT_VERSION = 5.0;
				TARGETED_DEVICE_FAMILY = "1,2";
			};
			name = Release;
		};
		D87AB7342AFFB53F00AF0010 /* Debug */ = {
			isa = XCBuildConfiguration;
			buildSettings = {
				ALWAYS_EMBED_SWIFT_STANDARD_LIBRARIES = YES;
				BUNDLE_LOADER = "$(TEST_HOST)";
				CODE_SIGN_STYLE = Automatic;
				CURRENT_PROJECT_VERSION = 1;
				DEVELOPMENT_TEAM = C6AT6QYYG8;
				GENERATE_INFOPLIST_FILE = YES;
				IPHONEOS_DEPLOYMENT_TARGET = 17.0;
				MARKETING_VERSION = 1.0;
				PRODUCT_BUNDLE_IDENTIFIER = be.rvesolutions.samfreeTests;
				PRODUCT_NAME = "$(TARGET_NAME)";
				SWIFT_EMIT_LOC_STRINGS = NO;
				SWIFT_VERSION = 5.0;
				TARGETED_DEVICE_FAMILY = "1,2";
				TEST_HOST = "$(BUILT_PRODUCTS_DIR)/samfree.app/$(BUNDLE_EXECUTABLE_FOLDER_PATH)/samfree";
			};
			name = Debug;
		};
		D87AB7352AFFB53F00AF0010 /* Release */ = {
			isa = XCBuildConfiguration;
			buildSettings = {
				ALWAYS_EMBED_SWIFT_STANDARD_LIBRARIES = YES;
				BUNDLE_LOADER = "$(TEST_HOST)";
				CODE_SIGN_STYLE = Automatic;
				CURRENT_PROJECT_VERSION = 1;
				DEVELOPMENT_TEAM = C6AT6QYYG8;
				GENERATE_INFOPLIST_FILE = YES;
				IPHONEOS_DEPLOYMENT_TARGET = 17.0;
				MARKETING_VERSION = 1.0;
				PRODUCT_BUNDLE_IDENTIFIER = be.rvesolutions.samfreeTests;
				PRODUCT_NAME = "$(TARGET_NAME)";
				SWIFT_EMIT_LOC_STRINGS = NO;
				SWIFT_VERSION = 5.0;
				TARGETED_DEVICE_FAMILY = "1,2";
				TEST_HOST = "$(BUILT_PRODUCTS_DIR)/samfree.app/$(BUNDLE_EXECUTABLE_FOLDER_PATH)/samfree";
			};
			name = Release;
		};
		D87AB7372AFFB53F00AF0010 /* Debug */ = {
			isa = XCBuildConfiguration;
			buildSettings = {
				ALWAYS_EMBED_SWIFT_STANDARD_LIBRARIES = YES;
				CODE_SIGN_STYLE = Automatic;
				CURRENT_PROJECT_VERSION = 1;
				DEVELOPMENT_TEAM = C6AT6QYYG8;
				GENERATE_INFOPLIST_FILE = YES;
				MARKETING_VERSION = 1.0;
				PRODUCT_BUNDLE_IDENTIFIER = be.rvesolutions.samfreeUITests;
				PRODUCT_NAME = "$(TARGET_NAME)";
				SWIFT_EMIT_LOC_STRINGS = NO;
				SWIFT_VERSION = 5.0;
				TARGETED_DEVICE_FAMILY = "1,2";
				TEST_TARGET_NAME = samfree;
			};
			name = Debug;
		};
		D87AB7382AFFB53F00AF0010 /* Release */ = {
			isa = XCBuildConfiguration;
			buildSettings = {
				ALWAYS_EMBED_SWIFT_STANDARD_LIBRARIES = YES;
				CODE_SIGN_STYLE = Automatic;
				CURRENT_PROJECT_VERSION = 1;
				DEVELOPMENT_TEAM = C6AT6QYYG8;
				GENERATE_INFOPLIST_FILE = YES;
				MARKETING_VERSION = 1.0;
				PRODUCT_BUNDLE_IDENTIFIER = be.rvesolutions.samfreeUITests;
				PRODUCT_NAME = "$(TARGET_NAME)";
				SWIFT_EMIT_LOC_STRINGS = NO;
				SWIFT_VERSION = 5.0;
				TARGETED_DEVICE_FAMILY = "1,2";
				TEST_TARGET_NAME = samfree;
			};
			name = Release;
		};
/* End XCBuildConfiguration section */

/* Begin XCConfigurationList section */
		D87AB7072AFFB53D00AF0010 /* Build configuration list for PBXProject "samfree" */ = {
			isa = XCConfigurationList;
			buildConfigurations = (
				D87AB72E2AFFB53F00AF0010 /* Debug */,
				D87AB72F2AFFB53F00AF0010 /* Release */,
			);
			defaultConfigurationIsVisible = 0;
			defaultConfigurationName = Release;
		};
		D87AB7302AFFB53F00AF0010 /* Build configuration list for PBXNativeTarget "samfree" */ = {
			isa = XCConfigurationList;
			buildConfigurations = (
				D87AB7312AFFB53F00AF0010 /* Debug */,
				D87AB7322AFFB53F00AF0010 /* Release */,
			);
			defaultConfigurationIsVisible = 0;
			defaultConfigurationName = Release;
		};
		D87AB7332AFFB53F00AF0010 /* Build configuration list for PBXNativeTarget "samfreeTests" */ = {
			isa = XCConfigurationList;
			buildConfigurations = (
				D87AB7342AFFB53F00AF0010 /* Debug */,
				D87AB7352AFFB53F00AF0010 /* Release */,
			);
			defaultConfigurationIsVisible = 0;
			defaultConfigurationName = Release;
		};
		D87AB7362AFFB53F00AF0010 /* Build configuration list for PBXNativeTarget "samfreeUITests" */ = {
			isa = XCConfigurationList;
			buildConfigurations = (
				D87AB7372AFFB53F00AF0010 /* Debug */,
				D87AB7382AFFB53F00AF0010 /* Release */,
			);
			defaultConfigurationIsVisible = 0;
			defaultConfigurationName = Release;
		};
/* End XCConfigurationList section */
	};
	rootObject = D87AB7042AFFB53D00AF0010 /* Project object */;
}
